Microsoft Visual Studio Solution File, Format Version 11.00
# Visual Studio 2008

Project("{6F92906E-4530-5C69-348A-0D7B549C7961}") = "Reflex MiniProj", "Assembly-CSharp.csproj", "{4EB600DE-0FB8-63C5-3FA3-EF09DC20F626}"
EndProject
Global
	GlobalSection(SolutionConfigurationPlatforms) = preSolution
		Debug|Any CPU = Debug|Any CPU
		Release|Any CPU = Release|Any CPU
	EndGlobalSection
	GlobalSection(ProjectConfigurationPlatforms) = postSolution
		{4EB600DE-0FB8-63C5-3FA3-EF09DC20F626}.Debug|Any CPU.ActiveCfg = Debug|Any CPU
		{4EB600DE-0FB8-63C5-3FA3-EF09DC20F626}.Debug|Any CPU.Build.0 = Debug|Any CPU
		{4EB600DE-0FB8-63C5-3FA3-EF09DC20F626}.Release|Any CPU.ActiveCfg = Release|Any CPU
		{4EB600DE-0FB8-63C5-3FA3-EF09DC20F626}.Release|Any CPU.Build.0 = Release|Any CPU
	EndGlobalSection
	GlobalSection(SolutionProperties) = preSolution
		HideSolutionNode = FALSE
	EndGlobalSection
	GlobalSection(MonoDevelopProperties) = preSolution
		StartupItem = Assembly-CSharp.csproj
	EndGlobalSection
EndGlobal
